
Microsoft Visual Studio Solution File, Format Version 12.00
# Visual Studio 2013
VisualStudioVersion = 12.0.21005.1
MinimumVisualStudioVersion = 10.0.40219.1
Project("{FAE04EC0-301F-11D3-BF4B-00C04F79EFBC}") = "MyNewRepo", "MyNewRepo\MyNewRepo.csproj", "{E8EF98D7-4518-4BFA-8EC1-CAB56A1D701B}"
EndProject
Project("{FAE04EC0-301F-11D3-BF4B-00C04F79EFBC}") = "SMSManagement.Web", "..\..\..\..\..\..\niut_program\SMSManagement.Web\SMSManagement.Web.csproj", "{07E6451C-B1AC-4891-AB99-5C816A3C4C97}"
EndProject
Project("{FAE04EC0-301F-11D3-BF4B-00C04F79EFBC}") = "SMSManagement.Test", "..\..\..\..\..\..\niut_program\SMSManagement.Test\SMSManagement.Test.csproj", "{C0254174-98F2-4B6D-986C-2BA2462CDC23}"
EndProject
Global
	GlobalSection(SolutionConfigurationPlatforms) = preSolution
		Debug|Any CPU = Debug|Any CPU
		Release|Any CPU = Release|Any CPU
	EndGlobalSection
	GlobalSection(ProjectConfigurationPlatforms) = postSolution
		{E8EF98D7-4518-4BFA-8EC1-CAB56A1D701B}.Debug|Any CPU.ActiveCfg = Debug|Any CPU
		{E8EF98D7-4518-4BFA-8EC1-CAB56A1D701B}.Debug|Any CPU.Build.0 = Debug|Any CPU
		{E8EF98D7-4518-4BFA-8EC1-CAB56A1D701B}.Release|Any CPU.ActiveCfg = Release|Any CPU
		{E8EF98D7-4518-4BFA-8EC1-CAB56A1D701B}.Release|Any CPU.Build.0 = Release|Any CPU
		{07E6451C-B1AC-4891-AB99-5C816A3C4C97}.Debug|Any CPU.ActiveCfg = Debug|Any CPU
		{07E6451C-B1AC-4891-AB99-5C816A3C4C97}.Debug|Any CPU.Build.0 = Debug|Any CPU
		{07E6451C-B1AC-4891-AB99-5C816A3C4C97}.Release|Any CPU.ActiveCfg = Release|Any CPU
		{07E6451C-B1AC-4891-AB99-5C816A3C4C97}.Release|Any CPU.Build.0 = Release|Any CPU
		{C0254174-98F2-4B6D-986C-2BA2462CDC23}.Debug|Any CPU.ActiveCfg = Debug|Any CPU
		{C0254174-98F2-4B6D-986C-2BA2462CDC23}.Debug|Any CPU.Build.0 = Debug|Any CPU
		{C0254174-98F2-4B6D-986C-2BA2462CDC23}.Release|Any CPU.ActiveCfg = Release|Any CPU
		{C0254174-98F2-4B6D-986C-2BA2462CDC23}.Release|Any CPU.Build.0 = Release|Any CPU
	EndGlobalSection
	GlobalSection(SolutionProperties) = preSolution
		HideSolutionNode = FALSE
	EndGlobalSection
EndGlobal
